PODS:
  - Alamofire (5.7.1)
  - Realm (10.41.1):
    - Realm/Headers (= 10.41.1)
  - Realm/Headers (10.41.1)
  - RealmSwift (10.41.1):
    - Realm (= 10.41.1)

DEPENDENCIES:
  - Alamofire
  - RealmSwift (~> 10)

SPEC REPOS:
  trunk:
    - Alamofire
    - Realm
    - RealmSwift

SPEC CHECKSUMS:
  Alamofire: 0123a34370cb170936ae79a8df46cc62b2edeb88
  Realm: 0cb0b0b24f9303543a1f0dc17de8dec2d5bbf3f0
  RealmSwift: 00627521cd456626f4cb2f7a7b18e1b07f2812a9

PODFILE CHECKSUM: ce719a7a91368509d43a309e6159db1209559907

COCOAPODS: 1.12.1
